
Microsoft Visual Studio Solution File, Format Version 12.00
# Visual Studio Version 16
VisualStudioVersion = 16.0.33130.400
MinimumVisualStudioVersion = 10.0.40219.1
Project("{9A19103F-16F7-4668-BE54-9A1E7A4F7556}") = "ChallengeMod", "ChallengeMod.csproj", "{5F6F6920-0CD9-4093-8CD4-81FA0354974C}"
EndProject
Global
	GlobalSection(SolutionConfigurationPlatforms) = preSolution
		Debug|Any CPU = Debug|Any CPU
		Release|Any CPU = Release|Any CPU
	EndGlobalSection
	GlobalSection(ProjectConfigurationPlatforms) = postSolution
		{5F6F6920-0CD9-4093-8CD4-81FA0354974C}.Debug|Any CPU.ActiveCfg = Debug|Any CPU
		{5F6F6920-0CD9-4093-8CD4-81FA0354974C}.Debug|Any CPU.Build.0 = Debug|Any CPU
		{5F6F6920-0CD9-4093-8CD4-81FA0354974C}.Release|Any CPU.ActiveCfg = Release|Any CPU
		{5F6F6920-0CD9-4093-8CD4-81FA0354974C}.Release|Any CPU.Build.0 = Release|Any CPU
	EndGlobalSection
	GlobalSection(SolutionProperties) = preSolution
		HideSolutionNode = FALSE
	EndGlobalSection
	GlobalSection(ExtensibilityGlobals) = postSolution
		SolutionGuid = {64727DD4-7160-43A9-97F3-56E1E0710968}
	EndGlobalSection
EndGlobal
